
Microsoft Visual Studio Solution File, Format Version 12.00
# Visual Studio Version 16
VisualStudioVersion = 16.0.31321.278
MinimumVisualStudioVersion = 10.0.40219.1
Project("{FAE04EC0-301F-11D3-BF4B-00C04F79EFBC}") = "Clinic.Api", "Clinic.Api\Clinic.Api.csproj", "{FE37285B-474E-4DAF-A2CF-399626400137}"
EndProject
Project("{FAE04EC0-301F-11D3-BF4B-00C04F79EFBC}") = "Clinic.Core", "Clinic.Core\Clinic.Core.csproj", "{41253C50-DA1D-494D-BD5C-02715229D1F3}"
EndProject
Project("{FAE04EC0-301F-11D3-BF4B-00C04F79EFBC}") = "Clinic.Infrastructure", "Clinic.Infrastructure\Clinic.Infrastructure.csproj", "{6E65E104-199C-4EFB-B5C2-28EFEE307E01}"
EndProject
Global
	GlobalSection(SolutionConfigurationPlatforms) = preSolution
		Debug|Any CPU = Debug|Any CPU
		Release|Any CPU = Release|Any CPU
	EndGlobalSection
	GlobalSection(ProjectConfigurationPlatforms) = postSolution
		{FE37285B-474E-4DAF-A2CF-399626400137}.Debug|Any CPU.ActiveCfg = Debug|Any CPU
		{FE37285B-474E-4DAF-A2CF-399626400137}.Debug|Any CPU.Build.0 = Debug|Any CPU
		{FE37285B-474E-4DAF-A2CF-399626400137}.Release|Any CPU.ActiveCfg = Release|Any CPU
		{FE37285B-474E-4DAF-A2CF-399626400137}.Release|Any CPU.Build.0 = Release|Any CPU
		{41253C50-DA1D-494D-BD5C-02715229D1F3}.Debug|Any CPU.ActiveCfg = Debug|Any CPU
		{41253C50-DA1D-494D-BD5C-02715229D1F3}.Debug|Any CPU.Build.0 = Debug|Any CPU
		{41253C50-DA1D-494D-BD5C-02715229D1F3}.Release|Any CPU.ActiveCfg = Release|Any CPU
		{41253C50-DA1D-494D-BD5C-02715229D1F3}.Release|Any CPU.Build.0 = Release|Any CPU
		{6E65E104-199C-4EFB-B5C2-28EFEE307E01}.Debug|Any CPU.ActiveCfg = Debug|Any CPU
		{6E65E104-199C-4EFB-B5C2-28EFEE307E01}.Debug|Any CPU.Build.0 = Debug|Any CPU
		{6E65E104-199C-4EFB-B5C2-28EFEE307E01}.Release|Any CPU.ActiveCfg = Release|Any CPU
		{6E65E104-199C-4EFB-B5C2-28EFEE307E01}.Release|Any CPU.Build.0 = Release|Any CPU
	EndGlobalSection
	GlobalSection(SolutionProperties) = preSolution
		HideSolutionNode = FALSE
	EndGlobalSection
	GlobalSection(ExtensibilityGlobals) = postSolution
		SolutionGuid = {38DA45EB-229F-4904-B121-3AAE6C6038D7}
	EndGlobalSection
EndGlobal
